<?xml version="1.0" encoding="utf-8"?>
<Project ToolsVersion="4.0" xmlns="http://schemas.microsoft.com/developer/msbuild/2003">
  <ItemGroup>
    <Filter Include="Source Files">
      <UniqueIdentifier>{4FC737F1-C7A5-4376-A066-2A32D752A2FF}</UniqueIdentifier>
      <Extensions>cpp;c;cc;cxx;def;odl;idl;hpj;bat;asm;asmx</Extensions>
    </Filter>
    <Filter Include="Header Files">
      <UniqueIdentifier>{93995380-89BD-4b04-88EB-625FBE52EBFB}</UniqueIdentifier>
      <Extensions>h;hh;hpp;hxx;hm;inl;inc;xsd</Extensions>
    </Filter>
    <Filter Include="Resource Files">
      <UniqueIdentifier>{67DA6AB6-F800-4c08-8B7A-83BB121AAD01}</UniqueIdentifier>
      <Extensions>rc;ico;cur;bmp;dlg;rc2;rct;bin;rgs;gif;jpg;jpeg;jpe;resx;tiff;tif;png;wav;mfcribbon-ms</Extensions>
    </Filter>
  </ItemGroup>
  <ItemGroup>
    <ClCompile Include="Source\main.cpp">
      <Filter>Source Files</Filter>
    </ClCompile>
    <ClCompile Include="Source\Libraries\TinyXML\tinystr.cpp">
      <Filter>Source Files</Filter>
    </ClCompile>
    <ClCompile Include="Source\Libraries\TinyXML\tinyxml.cpp">
      <Filter>Source Files</Filter>
    </ClCompile>
    <ClCompile Include="Source\Libraries\TinyXML\tinyxmlerror.cpp">
      <Filter>Source Files</Filter>
    </ClCompile>
    <ClCompile Include="Source\Libraries\TinyXML\tinyxmlparser.cpp">
      <Filter>Source Files</Filter>
    </ClCompile>
    <ClCompile Include="Source\Controller\GameController.cpp">
      <Filter>Source Files</Filter>
    </ClCompile>
    <ClCompile Include="Source\Controller\GameState.cpp">
      <Filter>Source Files</Filter>
    </ClCompile>
    <ClCompile Include="Source\Controller\MainMenuState.cpp">
      <Filter>Source Files</Filter>
    </ClCompile>
    <ClCompile Include="Source\Controller\StateMachine.cpp">
      <Filter>Source Files</Filter>
    </ClCompile>
    <ClCompile Include="Source\Factory\GameObjectFactory.cpp">
      <Filter>Source Files</Filter>
    </ClCompile>
    <ClCompile Include="Source\Services\ServiceLocator.cpp">
      <Filter>Source Files</Filter>
    </ClCompile>
    <ClCompile Include="Source\Services\IServiceProvider.cpp">
      <Filter>Source Files</Filter>
    </ClCompile>
    <ClCompile Include="Source\Tiled\TiledParser.cpp">
      <Filter>Source Files</Filter>
    </ClCompile>
    <ClCompile Include="Source\Tiled\TiledState.cpp">
      <Filter>Source Files</Filter>
    </ClCompile>
    <ClCompile Include="Source\Textures\TextureManager.cpp">
      <Filter>Source Files</Filter>
    </ClCompile>
    <ClCompile Include="Source\Textures\Atlas.cpp">
      <Filter>Source Files</Filter>
    </ClCompile>
    <ClCompile Include="Source\Input\InputHandler.cpp">
      <Filter>Source Files</Filter>
    </ClCompile>
    <ClCompile Include="Source\Controller\PlayState.cpp">
      <Filter>Source Files</Filter>
    </ClCompile>
    <ClCompile Include="Source\Controller\PauseState.cpp">
      <Filter>Source Files</Filter>
    </ClCompile>
    <ClCompile Include="Source\Audio\AudioManager.cpp">
      <Filter>Source Files</Filter>
    </ClCompile>
    <ClCompile Include="Source\Factory\CellSpawner.cpp">
      <Filter>Source Files</Filter>
    </ClCompile>
    <ClCompile Include="Source\Factory\MenuButtonSpawner.cpp">
      <Filter>Source Files</Filter>
    </ClCompile>
    <ClCompile Include="Source\Gameplay\Gameplay.cpp">
      <Filter>Source Files</Filter>
    </ClCompile>
    <ClCompile Include="Source\Gameplay\Grid.cpp">
      <Filter>Source Files</Filter>
    </ClCompile>
    <ClCompile Include="Source\Gameplay\Direction.cpp">
      <Filter>Source Files</Filter>
    </ClCompile>
    <ClCompile Include="Source\Math\RandomGenerator.cpp">
      <Filter>Source Files</Filter>
    </ClCompile>
    <ClCompile Include="Source\Factory\BoxSpawner.cpp">
      <Filter>Source Files</Filter>
    </ClCompile>
    <ClCompile Include="Source\Factory\DecorationSpawner.cpp">
      <Filter>Source Files</Filter>
    </ClCompile>
    <ClCompile Include="Source\Gameplay\Color.cpp">
      <Filter>Source Files</Filter>
    </ClCompile>
    <ClCompile Include="Source\Actors\Box.cpp">
      <Filter>Source Files</Filter>
    </ClCompile>
    <ClCompile Include="Source\Actors\Cell.cpp">
      <Filter>Source Files</Filter>
    </ClCompile>
    <ClCompile Include="Source\Actors\Decoration.cpp">
      <Filter>Source Files</Filter>
    </ClCompile>
    <ClCompile Include="Source\Actors\GameObject.cpp">
      <Filter>Source Files</Filter>
    </ClCompile>
    <ClCompile Include="Source\Actors\MenuButton.cpp">
      <Filter>Source Files</Filter>
    </ClCompile>
    <ClCompile Include="Source\Factory\ChopperSpawner.cpp">
      <Filter>Source Files</Filter>
    </ClCompile>
    <ClCompile Include="Source\Actors\Chopper.cpp">
      <Filter>Source Files</Filter>
    </ClCompile>
    <ClCompile Include="Source\Actors\ProgressBar.cpp">
      <Filter>Source Files</Filter>
    </ClCompile>
    <ClCompile Include="Source\Factory\ProgressBarSpawner.cpp">
      <Filter>Source Files</Filter>
    </ClCompile>
    <ClCompile Include="Source\Controller\GameOverState.cpp">
      <Filter>Source Files</Filter>
    </ClCompile>
    <ClCompile Include="Source\Controller\CreditsState.cpp">
      <Filter>Source Files</Filter>
    </ClCompile>
    <ClCompile Include="Source\Tiled\TiledObject.cpp">
      <Filter>Source Files</Filter>
    </ClCompile>
    <ClCompile Include="Source\Tiled\TiledTileset.cpp">
      <Filter>Source Files</Filter>
    </ClCompile>
    <ClCompile Include="Source\Tiled\TiledTileData.cpp">
      <Filter>Source Files</Filter>
    </ClCompile>
  </ItemGroup>
  <ItemGroup>
    <ClInclude Include="Source\Libraries\TinyXML\tinystr.h">
      <Filter>Header Files</Filter>
    </ClInclude>
    <ClInclude Include="Source\Libraries\TinyXML\tinyxml.h">
      <Filter>Header Files</Filter>
    </ClInclude>
    <ClInclude Include="Source\Controller\GameController.h">
      <Filter>Header Files</Filter>
    </ClInclude>
    <ClInclude Include="Source\Math\Vector2D.h">
      <Filter>Header Files</Filter>
    </ClInclude>
    <ClInclude Include="Source\Controller\StateMachine.h">
      <Filter>Header Files</Filter>
    </ClInclude>
    <ClInclude Include="Source\Controller\GameState.h">
      <Filter>Header Files</Filter>
    </ClInclude>
    <ClInclude Include="Source\Controller\MainMenuState.h">
      <Filter>Header Files</Filter>
    </ClInclude>
    <ClInclude Include="Source\Factory\GameObjectFactory.h">
      <Filter>Header Files</Filter>
    </ClInclude>
    <ClInclude Include="Source\Services\ServiceLocator.h">
      <Filter>Header Files</Filter>
    </ClInclude>
    <ClInclude Include="Source\Factory\IGameObjectFactory.h">
      <Filter>Header Files</Filter>
    </ClInclude>
    <ClInclude Include="Source\Services\IServiceProvider.h">
      <Filter>Header Files</Filter>
    </ClInclude>
    <ClInclude Include="Source\Tiled\TiledObject.h">
      <Filter>Header Files</Filter>
    </ClInclude>
    <ClInclude Include="Source\Tiled\TiledParser.h">
      <Filter>Header Files</Filter>
    </ClInclude>
    <ClInclude Include="Source\Tiled\TiledTileset.h">
      <Filter>Header Files</Filter>
    </ClInclude>
    <ClInclude Include="Source\Tiled\TiledState.h">
      <Filter>Header Files</Filter>
    </ClInclude>
    <ClInclude Include="Source\Textures\TextureManager.h">
      <Filter>Header Files</Filter>
    </ClInclude>
    <ClInclude Include="Source\Textures\ITextureManager.h">
      <Filter>Header Files</Filter>
    </ClInclude>
    <ClInclude Include="Source\Tiled\TiledTileData.h">
      <Filter>Header Files</Filter>
    </ClInclude>
    <ClInclude Include="Source\Textures\Atlas.h">
      <Filter>Header Files</Filter>
    </ClInclude>
    <ClInclude Include="Source\Textures\TextureData.h">
      <Filter>Header Files</Filter>
    </ClInclude>
    <ClInclude Include="Source\Input\InputHandler.h">
      <Filter>Header Files</Filter>
    </ClInclude>
    <ClInclude Include="Source\Input\IInputHandler.h">
      <Filter>Header Files</Filter>
    </ClInclude>
    <ClInclude Include="Source\Controller\IGameController.h">
      <Filter>Header Files</Filter>
    </ClInclude>
    <ClInclude Include="Source\Controller\PlayState.h">
      <Filter>Header Files</Filter>
    </ClInclude>
    <ClInclude Include="Source\Controller\PauseState.h">
      <Filter>Header Files</Filter>
    </ClInclude>
    <ClInclude Include="Source\Audio\IAudioManager.h">
      <Filter>Header Files</Filter>
    </ClInclude>
    <ClInclude Include="Source\Audio\AudioManager.h">
      <Filter>Header Files</Filter>
    </ClInclude>
    <ClInclude Include="Source\Factory\CellSpawner.h">
      <Filter>Header Files</Filter>
    </ClInclude>
    <ClInclude Include="Source\Factory\MenuButtonSpawner.h">
      <Filter>Header Files</Filter>
    </ClInclude>
    <ClInclude Include="Source\Gameplay\Gameplay.h">
      <Filter>Header Files</Filter>
    </ClInclude>
    <ClInclude Include="Source\Gameplay\Grid.h">
      <Filter>Header Files</Filter>
    </ClInclude>
    <ClInclude Include="Source\Gameplay\Direction.h">
      <Filter>Header Files</Filter>
    </ClInclude>
    <ClInclude Include="Source\Math\RandomGenerator.h">
      <Filter>Header Files</Filter>
    </ClInclude>
    <ClInclude Include="Source\Math\IRandomGenerator.h">
      <Filter>Header Files</Filter>
    </ClInclude>
    <ClInclude Include="Source\Factory\BoxSpawner.h">
      <Filter>Header Files</Filter>
    </ClInclude>
    <ClInclude Include="Source\Factory\DecorationSpawner.h">
      <Filter>Header Files</Filter>
    </ClInclude>
    <ClInclude Include="Source\Gameplay\Color.h">
      <Filter>Header Files</Filter>
    </ClInclude>
    <ClInclude Include="Source\Actors\Box.h">
      <Filter>Header Files</Filter>
    </ClInclude>
    <ClInclude Include="Source\Actors\Cell.h">
      <Filter>Header Files</Filter>
    </ClInclude>
    <ClInclude Include="Source\Actors\Decoration.h">
      <Filter>Header Files</Filter>
    </ClInclude>
    <ClInclude Include="Source\Actors\GameObject.h">
      <Filter>Header Files</Filter>
    </ClInclude>
    <ClInclude Include="Source\Actors\MenuButton.h">
      <Filter>Header Files</Filter>
    </ClInclude>
    <ClInclude Include="Source\Actors\IInhabitant.h">
      <Filter>Header Files</Filter>
    </ClInclude>
    <ClInclude Include="Source\Math\Math.h">
      <Filter>Header Files</Filter>
    </ClInclude>
    <ClInclude Include="Source\Factory\ChopperSpawner.h">
      <Filter>Header Files</Filter>
    </ClInclude>
    <ClInclude Include="Source\Actors\Chopper.h">
      <Filter>Header Files</Filter>
    </ClInclude>
    <ClInclude Include="Source\Actors\ProgressBar.h">
      <Filter>Header Files</Filter>
    </ClInclude>
    <ClInclude Include="Source\Factory\ProgressBarSpawner.h">
      <Filter>Header Files</Filter>
    </ClInclude>
    <ClInclude Include="Source\Gameplay\IGameplay.h">
      <Filter>Header Files</Filter>
    </ClInclude>
    <ClInclude Include="Source\Controller\GameOverState.h">
      <Filter>Header Files</Filter>
    </ClInclude>
    <ClInclude Include="Source\Controller\CreditsState.h">
      <Filter>Header Files</Filter>
    </ClInclude>
    <ClInclude Include="Source\Factory\ISpawner.h">
      <Filter>Header Files</Filter>
    </ClInclude>
  </ItemGroup>
  <ItemGroup>
    <Image Include="Assets\Textures\rider.bmp">
      <Filter>Resource Files</Filter>
    </Image>
    <Image Include="Assets\Textures\helicopter2.png">
      <Filter>Resource Files</Filter>
    </Image>
    <Image Include="Assets\Textures\animate.bmp">
      <Filter>Resource Files</Filter>
    </Image>
    <Image Include="Assets\Textures\animate.png">
      <Filter>Resource Files</Filter>
    </Image>
    <Image Include="Assets\Textures\animate-alpha.png">
      <Filter>Resource Files</Filter>
    </Image>
    <Image Include="Assets\Textures\helicopter.png">
      <Filter>Resource Files</Filter>
    </Image>
    <Image Include="Assets\Textures\UI\Buttons\exit.png">
      <Filter>Resource Files</Filter>
    </Image>
    <Image Include="Assets\Textures\UI\Buttons\play.png">
      <Filter>Resource Files</Filter>
    </Image>
    <Image Include="Assets\Textures\UI\Buttons\resume.png">
      <Filter>Resource Files</Filter>
    </Image>
    <Image Include="Assets\Textures\UI\Buttons\mainMenu.png">
      <Filter>Resource Files</Filter>
    </Image>
    <Image Include="Assets\Textures\UI\Buttons\restart.png">
      <Filter>Resource Files</Filter>
    </Image>
    <Image Include="Assets\Textures\UI\gameover.png">
      <Filter>Resource Files</Filter>
    </Image>
  </ItemGroup>
  <ItemGroup>
    <None Include="libFLAC-8.dll" />
    <None Include="libjpeg-9.dll" />
    <None Include="libmikmod-2.dll" />
    <None Include="libmodplug-1.dll" />
    <None Include="libogg-0.dll" />
    <None Include="libpng16-16.dll" />
    <None Include="libtiff-5.dll" />
    <None Include="libvorbis-0.dll" />
    <None Include="libvorbisfile-3.dll" />
    <None Include="libwebp-4.dll" />
    <None Include="SDL2.dll" />
    <None Include="SDL2_image.dll" />
    <None Include="SDL2_mixer.dll" />
    <None Include="smpeg2.dll" />
    <None Include="zlib1.dll" />
    <None Include="Tools\PNGCrush\run.bat">
      <Filter>Source Files</Filter>
    </None>
    <None Include="Tools\PNGCrush\pngcrush.exe" />
  </ItemGroup>
</Project>